
Microsoft Visual Studio Solution File, Format Version 12.00
# Visual Studio Version 17
VisualStudioVersion = 17.3.32922.545
MinimumVisualStudioVersion = 10.0.40219.1
Project("{FAE04EC0-301F-11D3-BF4B-00C04F79EFBC}") = "employee_mgt_with_Dapper", "employee_mgt_with_Dapper\employee_mgt_with_Dapper.csproj", "{9AC26C92-0529-412B-BA96-38E352074DB9}"
EndProject
Project("{FAE04EC0-301F-11D3-BF4B-00C04F79EFBC}") = "DataAccessLayer", "DataAccessLayer\DataAccessLayer.csproj", "{315B59B5-2287-4CC3-B87D-2C2DF6E93E2E}"
EndProject
Global
	GlobalSection(SolutionConfigurationPlatforms) = preSolution
		Debug|Any CPU = Debug|Any CPU
		Release|Any CPU = Release|Any CPU
	EndGlobalSection
	GlobalSection(ProjectConfigurationPlatforms) = postSolution
		{9AC26C92-0529-412B-BA96-38E352074DB9}.Debug|Any CPU.ActiveCfg = Debug|Any CPU
		{9AC26C92-0529-412B-BA96-38E352074DB9}.Debug|Any CPU.Build.0 = Debug|Any CPU
		{9AC26C92-0529-412B-BA96-38E352074DB9}.Release|Any CPU.ActiveCfg = Release|Any CPU
		{9AC26C92-0529-412B-BA96-38E352074DB9}.Release|Any CPU.Build.0 = Release|Any CPU
		{315B59B5-2287-4CC3-B87D-2C2DF6E93E2E}.Debug|Any CPU.ActiveCfg = Debug|Any CPU
		{315B59B5-2287-4CC3-B87D-2C2DF6E93E2E}.Debug|Any CPU.Build.0 = Debug|Any CPU
		{315B59B5-2287-4CC3-B87D-2C2DF6E93E2E}.Release|Any CPU.ActiveCfg = Release|Any CPU
		{315B59B5-2287-4CC3-B87D-2C2DF6E93E2E}.Release|Any CPU.Build.0 = Release|Any CPU
	EndGlobalSection
	GlobalSection(SolutionProperties) = preSolution
		HideSolutionNode = FALSE
	EndGlobalSection
	GlobalSection(ExtensibilityGlobals) = postSolution
		SolutionGuid = {BE58F1E3-9AD5-43E5-9037-38793D1FD9CC}
	EndGlobalSection
EndGlobal
